<?xml version="1.0" encoding="utf-8"?>
<Project ToolsVersion="4.0" xmlns="http://schemas.microsoft.com/developer/msbuild/2003">
  <ItemGroup>
    <Filter Include="Source Files">
      <UniqueIdentifier>{4FC737F1-C7A5-4376-A066-2A32D752A2FF}</UniqueIdentifier>
      <Extensions>cpp;c;cc;cxx;def;odl;idl;hpj;bat;asm;asmx</Extensions>
    </Filter>
    <Filter Include="Header Files">
      <UniqueIdentifier>{93995380-89BD-4b04-88EB-625FBE52EBFB}</UniqueIdentifier>
      <Extensions>h;hh;hpp;hxx;hm;inl;inc;xsd</Extensions>
    </Filter>
    <Filter Include="Resource Files">
      <UniqueIdentifier>{67DA6AB6-F800-4c08-8B7A-83BB121AAD01}</UniqueIdentifier>
      <Extensions>rc;ico;cur;bmp;dlg;rc2;rct;bin;rgs;gif;jpg;jpeg;jpe;resx;tiff;tif;png;wav;mfcribbon-ms</Extensions>
    </Filter>
    <Filter Include="Source Files\Movements">
      <UniqueIdentifier>{c950aabd-dca7-4f1f-8312-ce7910379d6b}</UniqueIdentifier>
    </Filter>
  </ItemGroup>
  <ItemGroup>
    <ClCompile Include="main.cpp">
      <Filter>Source Files</Filter>
    </ClCompile>
    <ClCompile Include="GameObject.cpp">
      <Filter>Source Files</Filter>
    </ClCompile>
    <ClCompile Include="Kinematic.cpp">
      <Filter>Source Files</Filter>
    </ClCompile>
    <ClCompile Include="SteeringOutput.cpp">
      <Filter>Source Files</Filter>
    </ClCompile>
    <ClCompile Include="GameMath.cpp">
      <Filter>Source Files</Filter>
    </ClCompile>
    <ClCompile Include="SteeringBehavior.cpp">
      <Filter>Source Files</Filter>
    </ClCompile>
    <ClCompile Include="Arrive.cpp">
      <Filter>Source Files</Filter>
    </ClCompile>
    <ClCompile Include="GamePiece.cpp">
      <Filter>Source Files</Filter>
    </ClCompile>
    <ClCompile Include="Util.h">
      <Filter>Header Files</Filter>
    </ClCompile>
    <ClCompile Include="Ability.cpp">
      <Filter>Source Files</Filter>
    </ClCompile>
    <ClCompile Include="BoardNode.cpp">
      <Filter>Source Files</Filter>
    </ClCompile>
    <ClCompile Include="BoardObject.cpp">
      <Filter>Source Files</Filter>
    </ClCompile>
    <ClCompile Include="Movement.cpp">
      <Filter>Source Files\Movements</Filter>
    </ClCompile>
    <ClCompile Include="Back.cpp">
      <Filter>Source Files\Movements</Filter>
    </ClCompile>
    <ClCompile Include="LeftOrRight.cpp">
      <Filter>Source Files\Movements</Filter>
    </ClCompile>
    <ClCompile Include="RenderableObject.cpp">
      <Filter>Source Files</Filter>
    </ClCompile>
    <ClCompile Include="Diagonal.cpp">
      <Filter>Source Files\Movements</Filter>
    </ClCompile>
    <ClCompile Include="BackDiagonal.cpp">
      <Filter>Source Files\Movements</Filter>
    </ClCompile>
    <ClCompile Include="BackDiagonalSuper.cpp">
      <Filter>Source Files\Movements</Filter>
    </ClCompile>
    <ClCompile Include="DiagonalSuper.cpp">
      <Filter>Source Files\Movements</Filter>
    </ClCompile>
    <ClCompile Include="LeftOrRightSuper.cpp">
      <Filter>Source Files\Movements</Filter>
    </ClCompile>
    <ClCompile Include="Super.cpp">
      <Filter>Source Files\Movements</Filter>
    </ClCompile>
    <ClCompile Include="PlayerData.cpp">
      <Filter>Source Files</Filter>
    </ClCompile>
    <ClCompile Include="GameData.cpp">
      <Filter>Source Files</Filter>
    </ClCompile>
    <ClCompile Include="GameOperation.cpp">
      <Filter>Source Files</Filter>
    </ClCompile>
    <ClCompile Include="MenuButton.cpp">
      <Filter>Source Files</Filter>
    </ClCompile>
    <ClCompile Include="ToggleButton.cpp">
      <Filter>Source Files</Filter>
    </ClCompile>
    <ClCompile Include="Stay.cpp">
      <Filter>Source Files\Movements</Filter>
    </ClCompile>
    <ClCompile Include="AIManager.cpp">
      <Filter>Source Files</Filter>
    </ClCompile>
    <ClCompile Include="UIData.cpp">
      <Filter>Source Files</Filter>
    </ClCompile>
    <ClCompile Include="PlayerManager.cpp">
      <Filter>Source Files</Filter>
    </ClCompile>
    <ClCompile Include="GameManager.cpp">
      <Filter>Source Files</Filter>
    </ClCompile>
  </ItemGroup>
  <ItemGroup>
    <ClInclude Include="GameObject.h">
      <Filter>Header Files</Filter>
    </ClInclude>
    <ClInclude Include="Kinematic.h">
      <Filter>Header Files</Filter>
    </ClInclude>
    <ClInclude Include="resource.h">
      <Filter>Header Files</Filter>
    </ClInclude>
    <ClInclude Include="SteeringOutput.h">
      <Filter>Header Files</Filter>
    </ClInclude>
    <ClInclude Include="GameMath.h">
      <Filter>Header Files</Filter>
    </ClInclude>
    <ClInclude Include="SteeringBehavior.h">
      <Filter>Header Files</Filter>
    </ClInclude>
    <ClInclude Include="Arrive.h">
      <Filter>Header Files</Filter>
    </ClInclude>
    <ClInclude Include="GamePiece.h">
      <Filter>Header Files</Filter>
    </ClInclude>
    <ClInclude Include="Ability.h">
      <Filter>Header Files</Filter>
    </ClInclude>
    <ClInclude Include="Movement.h">
      <Filter>Header Files</Filter>
    </ClInclude>
    <ClInclude Include="BoardNode.h">
      <Filter>Header Files</Filter>
    </ClInclude>
    <ClInclude Include="BoardObject.h">
      <Filter>Header Files</Filter>
    </ClInclude>
    <ClInclude Include="Back.h">
      <Filter>Header Files</Filter>
    </ClInclude>
    <ClInclude Include="LeftOrRight.h">
      <Filter>Header Files</Filter>
    </ClInclude>
    <ClInclude Include="Diagonal.h">
      <Filter>Header Files</Filter>
    </ClInclude>
    <ClInclude Include="Super.h">
      <Filter>Header Files</Filter>
    </ClInclude>
    <ClInclude Include="RenderableObject.h">
      <Filter>Header Files</Filter>
    </ClInclude>
    <ClInclude Include="main.h">
      <Filter>Header Files</Filter>
    </ClInclude>
    <ClInclude Include="BackDiagonal.h">
      <Filter>Header Files</Filter>
    </ClInclude>
    <ClInclude Include="DiagonalSuper.h">
      <Filter>Header Files</Filter>
    </ClInclude>
    <ClInclude Include="BackDiagonalSuper.h">
      <Filter>Header Files</Filter>
    </ClInclude>
    <ClInclude Include="LeftOrRightSuper.h">
      <Filter>Header Files</Filter>
    </ClInclude>
    <ClInclude Include="PlayerData.h">
      <Filter>Header Files</Filter>
    </ClInclude>
    <ClInclude Include="GameData.h">
      <Filter>Header Files</Filter>
    </ClInclude>
    <ClInclude Include="GameOperation.h">
      <Filter>Header Files</Filter>
    </ClInclude>
    <ClInclude Include="Stay.h">
      <Filter>Header Files</Filter>
    </ClInclude>
    <ClInclude Include="MenuButton.h">
      <Filter>Header Files</Filter>
    </ClInclude>
    <ClInclude Include="ToggleButton.h">
      <Filter>Header Files</Filter>
    </ClInclude>
    <ClInclude Include="AIManager.h">
      <Filter>Header Files</Filter>
    </ClInclude>
    <ClInclude Include="UIData.h">
      <Filter>Header Files</Filter>
    </ClInclude>
    <ClInclude Include="PlayerManager.h">
      <Filter>Header Files</Filter>
    </ClInclude>
    <ClInclude Include="GameManager.h">
      <Filter>Header Files</Filter>
    </ClInclude>
  </ItemGroup>
  <ItemGroup>
    <ResourceCompile Include="Coup.rc">
      <Filter>Resource Files</Filter>
    </ResourceCompile>
  </ItemGroup>
</Project>